
Microsoft Visual Studio Solution File, Format Version 12.00
# Visual Studio Version 16
VisualStudioVersion = 16.0.30011.22
MinimumVisualStudioVersion = 10.0.40219.1
Project("{9A19103F-16F7-4668-BE54-9A1E7A4F7556}") = "PNGSchemaGenerator", "Source\PNGSchemaGenerator\PNGSchemaGenerator.csproj", "{AA4E16C9-07E7-4B58-997F-D489DEF60E41}"
EndProject
Project("{FAE04EC0-301F-11D3-BF4B-00C04F79EFBC}") = "TestConsole", "TestConsole\TestConsole.csproj", "{BEBBC668-2E73-4391-BFA6-4416AC132A8E}"
EndProject
Global
	GlobalSection(SolutionConfigurationPlatforms) = preSolution
		Debug|Any CPU = Debug|Any CPU
		Release|Any CPU = Release|Any CPU
	EndGlobalSection
	GlobalSection(ProjectConfigurationPlatforms) = postSolution
		{AA4E16C9-07E7-4B58-997F-D489DEF60E41}.Debug|Any CPU.ActiveCfg = Debug|Any CPU
		{AA4E16C9-07E7-4B58-997F-D489DEF60E41}.Debug|Any CPU.Build.0 = Debug|Any CPU
		{AA4E16C9-07E7-4B58-997F-D489DEF60E41}.Release|Any CPU.ActiveCfg = Release|Any CPU
		{AA4E16C9-07E7-4B58-997F-D489DEF60E41}.Release|Any CPU.Build.0 = Release|Any CPU
		{BEBBC668-2E73-4391-BFA6-4416AC132A8E}.Debug|Any CPU.ActiveCfg = Debug|Any CPU
		{BEBBC668-2E73-4391-BFA6-4416AC132A8E}.Debug|Any CPU.Build.0 = Debug|Any CPU
		{BEBBC668-2E73-4391-BFA6-4416AC132A8E}.Release|Any CPU.ActiveCfg = Release|Any CPU
		{BEBBC668-2E73-4391-BFA6-4416AC132A8E}.Release|Any CPU.Build.0 = Release|Any CPU
	EndGlobalSection
	GlobalSection(SolutionProperties) = preSolution
		HideSolutionNode = FALSE
	EndGlobalSection
	GlobalSection(ExtensibilityGlobals) = postSolution
		SolutionGuid = {E844F6AB-4FFA-4FEB-A8BF-24170538F0FD}
	EndGlobalSection
EndGlobal
